// !$*UTF8*$!
{
	archiveVersion = 1;
	classes = {
	};
	objectVersion = 46;
	objects = {

/* Begin PBXBuildFile section */
		1F64458E1BB0D2C6002283EF /* CustomHeaderCell.swift in Sources */ = {isa = PBXBuildFile; fileRef = 1F64458D1BB0D2C6002283EF /* CustomHeaderCell.swift */; };
		3E37FA151BABA3440017F968 /* AppDelegate.swift in Sources */ = {isa = PBXBuildFile; fileRef = 3E37FA141BABA3440017F968 /* AppDelegate.swift */; };
		3E37FA171BABA3440017F968 /* MasterViewController.swift in Sources */ = {isa = PBXBuildFile; fileRef = 3E37FA161BABA3440017F968 /* MasterViewController.swift */; };
		3E37FA191BABA3440017F968 /* DetailViewController.swift in Sources */ = {isa = PBXBuildFile; fileRef = 3E37FA181BABA3440017F968 /* DetailViewController.swift */; };
		3E37FA1C1BABA3440017F968 /* Main.storyboard in Resources */ = {isa = PBXBuildFile; fileRef = 3E37FA1A1BABA3440017F968 /* Main.storyboard */; };
		3E37FA1E1BABA3440017F968 /* Images.xcassets in Resources */ = {isa = PBXBuildFile; fileRef = 3E37FA1D1BABA3440017F968 /* Images.xcassets */; };
		3E37FA211BABA3440017F968 /* LaunchScreen.xib in Resources */ = {isa = PBXBuildFile; fileRef = 3E37FA1F1BABA3440017F968 /* LaunchScreen.xib */; };
		3E37FA2D1BABA3440017F968 /* StudentInfoTests.swift in Sources */ = {isa = PBXBuildFile; fileRef = 3E37FA2C1BABA3440017F968 /* StudentInfoTests.swift */; };
		3E37FA371BABA9C20017F968 /* StudentModel.swift in Sources */ = {isa = PBXBuildFile; fileRef = 3E37FA361BABA9C20017F968 /* StudentModel.swift */; };
		3E627AF91BB075AE0008F348 /* SecondViewController.swift in Sources */ = {isa = PBXBuildFile; fileRef = 3E627AF71BB075AE0008F348 /* SecondViewController.swift */; };
		3E627AFA1BB075AE0008F348 /* SecondViewController.xib in Resources */ = {isa = PBXBuildFile; fileRef = 3E627AF81BB075AE0008F348 /* SecondViewController.xib */; };
		3E627AFE1BB0866D0008F348 /* addViewController.swift in Sources */ = {isa = PBXBuildFile; fileRef = 3E627AFD1BB0866D0008F348 /* addViewController.swift */; };
		3E627B011BB0992F0008F348 /* ThirdViewController.swift in Sources */ = {isa = PBXBuildFile; fileRef = 3E627AFF1BB0992F0008F348 /* ThirdViewController.swift */; };
		3E627B021BB0992F0008F348 /* ThirdViewController.xib in Resources */ = {isa = PBXBuildFile; fileRef = 3E627B001BB0992F0008F348 /* ThirdViewController.xib */; };
		3E627B051BB099470008F348 /* FourthViewController.swift in Sources */ = {isa = PBXBuildFile; fileRef = 3E627B031BB099470008F348 /* FourthViewController.swift */; };
		3E627B061BB099470008F348 /* FourthViewController.xib in Resources */ = {isa = PBXBuildFile; fileRef = 3E627B041BB099470008F348 /* FourthViewController.xib */; };
		3E627B081BB09E130008F348 /* DrawingforSecond.swift in Sources */ = {isa = PBXBuildFile; fileRef = 3E627B071BB09E130008F348 /* DrawingforSecond.swift */; };
		3E627B0A1BB09E380008F348 /* DrawingforThird.swift in Sources */ = {isa = PBXBuildFile; fileRef = 3E627B091BB09E380008F348 /* DrawingforThird.swift */; };
		3E627B0C1BB09E4F0008F348 /* DrawingforFourth.swift in Sources */ = {isa = PBXBuildFile; fileRef = 3E627B0B1BB09E4F0008F348 /* DrawingforFourth.swift */; };
		533957311BB0F8ED00B64739 /* DrawingforSecond2.swift in Sources */ = {isa = PBXBuildFile; fileRef = 533957301BB0F8ED00B64739 /* DrawingforSecond2.swift */; };
		533957331BB0FADF00B64739 /* Für Elise.wav in Resources */ = {isa = PBXBuildFile; fileRef = 533957321BB0FADF00B64739 /* Für Elise.wav */; };
/* End PBXBuildFile section */

/* Begin PBXContainerItemProxy section */
		3E37FA271BABA3440017F968 /* PBXContainerItemProxy */ = {
			isa = PBXContainerItemProxy;
			containerPortal = 3E37FA071BABA3440017F968 /* Project object */;
			proxyType = 1;
			remoteGlobalIDString = 3E37FA0E1BABA3440017F968;
			remoteInfo = StudentInfo;
		};
/* End PBXContainerItemProxy section */

/* Begin PBXFileReference section */
		1F64458D1BB0D2C6002283EF /* CustomHeaderCell.swift */ = {isa = PBXFileReference; fileEncoding = 4; lastKnownFileType = sourcecode.swift; path = CustomHeaderCell.swift; sourceTree = "<group>"; };
		3E37FA0F1BABA3440017F968 /* StudentInfo.app */ = {isa = PBXFileReference; explicitFileType = wrapper.application; includeInIndex = 0; path = StudentInfo.app; sourceTree = BUILT_PRODUCTS_DIR; };
		3E37FA131BABA3440017F968 /* Info.plist */ = {isa = PBXFileReference; lastKnownFileType = text.plist.xml; path = Info.plist; sourceTree = "<group>"; };
		3E37FA141BABA3440017F968 /* AppDelegate.swift */ = {isa = PBXFileReference; lastKnownFileType = sourcecode.swift; path = AppDelegate.swift; sourceTree = "<group>"; };
		3E37FA161BABA3440017F968 /* MasterViewController.swift */ = {isa = PBXFileReference; lastKnownFileType = sourcecode.swift; path = MasterViewController.swift; sourceTree = "<group>"; };
		3E37FA181BABA3440017F968 /* DetailViewController.swift */ = {isa = PBXFileReference; lastKnownFileType = sourcecode.swift; path = DetailViewController.swift; sourceTree = "<group>"; };
		3E37FA1B1BABA3440017F968 /* Base */ = {isa = PBXFileReference; lastKnownFileType = file.storyboard; name = Base; path = Base.lproj/Main.storyboard; sourceTree = "<group>"; };
		3E37FA1D1BABA3440017F968 /* Images.xcassets */ = {isa = PBXFileReference; lastKnownFileType = folder.assetcatalog; path = Images.xcassets; sourceTree = "<group>"; };
		3E37FA201BABA3440017F968 /* Base */ = {isa = PBXFileReference; lastKnownFileType = file.xib; name = Base; path = Base.lproj/LaunchScreen.xib; sourceTree = "<group>"; };
		3E37FA261BABA3440017F968 /* StudentInfoTests.xctest */ = {isa = PBXFileReference; explicitFileType = wrapper.cfbundle; includeInIndex = 0; path = StudentInfoTests.xctest; sourceTree = BUILT_PRODUCTS_DIR; };
		3E37FA2B1BABA3440017F968 /* Info.plist */ = {isa = PBXFileReference; lastKnownFileType = text.plist.xml; path = Info.plist; sourceTree = "<group>"; };
		3E37FA2C1BABA3440017F968 /* StudentInfoTests.swift */ = {isa = PBXFileReference; lastKnownFileType = sourcecode.swift; path = StudentInfoTests.swift; sourceTree = "<group>"; };
		3E37FA361BABA9C20017F968 /* StudentModel.swift */ = {isa = PBXFileReference; fileEncoding = 4; lastKnownFileType = sourcecode.swift; name = StudentModel.swift; path = ../StudentModel.swift; sourceTree = "<group>"; };
		3E627AF71BB075AE0008F348 /* SecondViewController.swift */ = {isa = PBXFileReference; fileEncoding = 4; lastKnownFileType = sourcecode.swift; name = SecondViewController.swift; path = ../SecondViewController.swift; sourceTree = "<group>"; };
		3E627AF81BB075AE0008F348 /* SecondViewController.xib */ = {isa = PBXFileReference; fileEncoding = 4; lastKnownFileType = file.xib; name = SecondViewController.xib; path = ../SecondViewController.xib; sourceTree = "<group>"; };
		3E627AFD1BB0866D0008F348 /* addViewController.swift */ = {isa = PBXFileReference; fileEncoding = 4; lastKnownFileType = sourcecode.swift; path = addViewController.swift; sourceTree = "<group>"; };
		3E627AFF1BB0992F0008F348 /* ThirdViewController.swift */ = {isa = PBXFileReference; fileEncoding = 4; lastKnownFileType = sourcecode.swift; path = ThirdViewController.swift; sourceTree = "<group>"; };
		3E627B001BB0992F0008F348 /* ThirdViewController.xib */ = {isa = PBXFileReference; fileEncoding = 4; lastKnownFileType = file.xib; path = ThirdViewController.xib; sourceTree = "<group>"; };
		3E627B031BB099470008F348 /* FourthViewController.swift */ = {isa = PBXFileReference; fileEncoding = 4; lastKnownFileType = sourcecode.swift; path = FourthViewController.swift; sourceTree = "<group>"; };
		3E627B041BB099470008F348 /* FourthViewController.xib */ = {isa = PBXFileReference; fileEncoding = 4; lastKnownFileType = file.xib; path = FourthViewController.xib; sourceTree = "<group>"; };
		3E627B071BB09E130008F348 /* DrawingforSecond.swift */ = {isa = PBXFileReference; fileEncoding = 4; lastKnownFileType = sourcecode.swift; path = DrawingforSecond.swift; sourceTree = "<group>"; };
		3E627B091BB09E380008F348 /* DrawingforThird.swift */ = {isa = PBXFileReference; fileEncoding = 4; lastKnownFileType = sourcecode.swift; path = DrawingforThird.swift; sourceTree = "<group>"; };
		3E627B0B1BB09E4F0008F348 /* DrawingforFourth.swift */ = {isa = PBXFileReference; fileEncoding = 4; lastKnownFileType = sourcecode.swift; path = DrawingforFourth.swift; sourceTree = "<group>"; };
		533957301BB0F8ED00B64739 /* DrawingforSecond2.swift */ = {isa = PBXFileReference; fileEncoding = 4; lastKnownFileType = sourcecode.swift; path = DrawingforSecond2.swift; sourceTree = "<group>"; };
		533957321BB0FADF00B64739 /* Für Elise.wav */ = {isa = PBXFileReference; lastKnownFileType = audio.wav; path = "Für Elise.wav"; sourceTree = "<group>"; };
/* End PBXFileReference section */

/* Begin PBXFrameworksBuildPhase section */
		3E37FA0C1BABA3440017F968 /* Frameworks */ = {
			isa = PBXFrameworksBuildPhase;
			buildActionMask = 2147483647;
			files = (
			);
			runOnlyForDeploymentPostprocessing = 0;
		};
		3E37FA231BABA3440017F968 /* Frameworks */ = {
			isa = PBXFrameworksBuildPhase;
			buildActionMask = 2147483647;
			files = (
			);
			runOnlyForDeploymentPostprocessing = 0;
		};
/* End PBXFrameworksBuildPhase section */

/* Begin PBXGroup section */
		3E37FA061BABA3440017F968 = {
			isa = PBXGroup;
			children = (
				3E37FA111BABA3440017F968 /* StudentInfo */,
				3E37FA291BABA3440017F968 /* StudentInfoTests */,
				3E37FA101BABA3440017F968 /* Products */,
			);
			sourceTree = "<group>";
		};
		3E37FA101BABA3440017F968 /* Products */ = {
			isa = PBXGroup;
			children = (
				3E37FA0F1BABA3440017F968 /* StudentInfo.app */,
				3E37FA261BABA3440017F968 /* StudentInfoTests.xctest */,
			);
			name = Products;
			sourceTree = "<group>";
		};
		3E37FA111BABA3440017F968 /* StudentInfo */ = {
			isa = PBXGroup;
			children = (
				3E627AFD1BB0866D0008F348 /* addViewController.swift */,
				3E37FA141BABA3440017F968 /* AppDelegate.swift */,
				3E37FA161BABA3440017F968 /* MasterViewController.swift */,
				533957321BB0FADF00B64739 /* Für Elise.wav */,
				3E37FA181BABA3440017F968 /* DetailViewController.swift */,
				3E37FA1A1BABA3440017F968 /* Main.storyboard */,
				1F64458D1BB0D2C6002283EF /* CustomHeaderCell.swift */,
				3E627AF71BB075AE0008F348 /* SecondViewController.swift */,
				3E627AFF1BB0992F0008F348 /* ThirdViewController.swift */,
				3E627B031BB099470008F348 /* FourthViewController.swift */,
				3E37FA1D1BABA3440017F968 /* Images.xcassets */,
				3E627AF81BB075AE0008F348 /* SecondViewController.xib */,
				3E627B001BB0992F0008F348 /* ThirdViewController.xib */,
				3E627B041BB099470008F348 /* FourthViewController.xib */,
				3E37FA1F1BABA3440017F968 /* LaunchScreen.xib */,
				3E37FA121BABA3440017F968 /* Supporting Files */,
			);
			path = StudentInfo;
			sourceTree = "<group>";
		};
		3E37FA121BABA3440017F968 /* Supporting Files */ = {
			isa = PBXGroup;
			children = (
				3E37FA361BABA9C20017F968 /* StudentModel.swift */,
				3E37FA131BABA3440017F968 /* Info.plist */,
				533957301BB0F8ED00B64739 /* DrawingforSecond2.swift */,
				3E627B071BB09E130008F348 /* DrawingforSecond.swift */,
				3E627B091BB09E380008F348 /* DrawingforThird.swift */,
				3E627B0B1BB09E4F0008F348 /* DrawingforFourth.swift */,
			);
			name = "Supporting Files";
			sourceTree = "<group>";
		};
		3E37FA291BABA3440017F968 /* StudentInfoTests */ = {
			isa = PBXGroup;
			children = (
				3E37FA2C1BABA3440017F968 /* StudentInfoTests.swift */,
				3E37FA2A1BABA3440017F968 /* Supporting Files */,
			);
			path = StudentInfoTests;
			sourceTree = "<group>";
		};
		3E37FA2A1BABA3440017F968 /* Supporting Files */ = {
			isa = PBXGroup;
			children = (
				3E37FA2B1BABA3440017F968 /* Info.plist */,
			);
			name = "Supporting Files";
			sourceTree = "<group>";
		};
/* End PBXGroup section */

/* Begin PBXNativeTarget section */
		3E37FA0E1BABA3440017F968 /* StudentInfo */ = {
			isa = PBXNativeTarget;
			buildConfigurationList = 3E37FA301BABA3440017F968 /* Build configuration list for PBXNativeTarget "StudentInfo" */;
			buildPhases = (
				3E37FA0B1BABA3440017F968 /* Sources */,
				3E37FA0C1BABA3440017F968 /* Frameworks */,
				3E37FA0D1BABA3440017F968 /* Resources */,
			);
			buildRules = (
			);
			dependencies = (
			);
			name = StudentInfo;
			productName = StudentInfo;
			productReference = 3E37FA0F1BABA3440017F968 /* StudentInfo.app */;
			productType = "com.apple.product-type.application";
		};
		3E37FA251BABA3440017F968 /* StudentInfoTests */ = {
			isa = PBXNativeTarget;
			buildConfigurationList = 3E37FA331BABA3440017F968 /* Build configuration list for PBXNativeTarget "StudentInfoTests" */;
			buildPhases = (
				3E37FA221BABA3440017F968 /* Sources */,
				3E37FA231BABA3440017F968 /* Frameworks */,
				3E37FA241BABA3440017F968 /* Resources */,
			);
			buildRules = (
			);
			dependencies = (
				3E37FA281BABA3440017F968 /* PBXTargetDependency */,
			);
			name = StudentInfoTests;
			productName = StudentInfoTests;
			productReference = 3E37FA261BABA3440017F968 /* StudentInfoTests.xctest */;
			productType = "com.apple.product-type.bundle.unit-test";
		};
/* End PBXNativeTarget section */

/* Begin PBXProject section */
		3E37FA071BABA3440017F968 /* Project object */ = {
			isa = PBXProject;
			attributes = {
				LastSwiftUpdateCheck = 0700;
				LastUpgradeCheck = 0640;
				ORGANIZATIONNAME = yuanshuai;
				TargetAttributes = {
					3E37FA0E1BABA3440017F968 = {
						CreatedOnToolsVersion = 6.4;
					};
					3E37FA251BABA3440017F968 = {
						CreatedOnToolsVersion = 6.4;
						TestTargetID = 3E37FA0E1BABA3440017F968;
					};
				};
			};
			buildConfigurationList = 3E37FA0A1BABA3440017F968 /* Build configuration list for PBXProject "StudentInfo" */;
			compatibilityVersion = "Xcode 3.2";
			developmentRegion = English;
			hasScannedForEncodings = 0;
			knownRegions = (
				en,
				Base,
			);
			mainGroup = 3E37FA061BABA3440017F968;
			productRefGroup = 3E37FA101BABA3440017F968 /* Products */;
			projectDirPath = "";
			projectRoot = "";
			targets = (
				3E37FA0E1BABA3440017F968 /* StudentInfo */,
				3E37FA251BABA3440017F968 /* StudentInfoTests */,
			);
		};
/* End PBXProject section */

/* Begin PBXResourcesBuildPhase section */
		3E37FA0D1BABA3440017F968 /* Resources */ = {
			isa = PBXResourcesBuildPhase;
			buildActionMask = 2147483647;
			files = (
				3E627AFA1BB075AE0008F348 /* SecondViewController.xib in Resources */,
				3E37FA1C1BABA3440017F968 /* Main.storyboard in Resources */,
				3E37FA211BABA3440017F968 /* LaunchScreen.xib in Resources */,
				533957331BB0FADF00B64739 /* Für Elise.wav in Resources */,
				3E627B021BB0992F0008F348 /* ThirdViewController.xib in Resources */,
				3E627B061BB099470008F348 /* FourthViewController.xib in Resources */,
				3E37FA1E1BABA3440017F968 /* Images.xcassets in Resources */,
			);
			runOnlyForDeploymentPostprocessing = 0;
		};
		3E37FA241BABA3440017F968 /* Resources */ = {
			isa = PBXResourcesBuildPhase;
			buildActionMask = 2147483647;
			files = (
			);
			runOnlyForDeploymentPostprocessing = 0;
		};
/* End PBXResourcesBuildPhase section */

/* Begin PBXSourcesBuildPhase section */
		3E37FA0B1BABA3440017F968 /* Sources */ = {
			isa = PBXSourcesBuildPhase;
			buildActionMask = 2147483647;
			files = (
				3E627B0A1BB09E380008F348 /* DrawingforThird.swift in Sources */,
				1F64458E1BB0D2C6002283EF /* CustomHeaderCell.swift in Sources */,
				3E627B081BB09E130008F348 /* DrawingforSecond.swift in Sources */,
				3E37FA191BABA3440017F968 /* DetailViewController.swift in Sources */,
				3E37FA371BABA9C20017F968 /* StudentModel.swift in Sources */,
				3E37FA171BABA3440017F968 /* MasterViewController.swift in Sources */,
				3E627B011BB0992F0008F348 /* ThirdViewController.swift in Sources */,
				3E627B051BB099470008F348 /* FourthViewController.swift in Sources */,
				3E627AF91BB075AE0008F348 /* SecondViewController.swift in Sources */,
				533957311BB0F8ED00B64739 /* DrawingforSecond2.swift in Sources */,
				3E627AFE1BB0866D0008F348 /* addViewController.swift in Sources */,
				3E627B0C1BB09E4F0008F348 /* DrawingforFourth.swift in Sources */,
				3E37FA151BABA3440017F968 /* AppDelegate.swift in Sources */,
			);
			runOnlyForDeploymentPostprocessing = 0;
		};
		3E37FA221BABA3440017F968 /* Sources */ = {
			isa = PBXSourcesBuildPhase;
			buildActionMask = 2147483647;
			files = (
				3E37FA2D1BABA3440017F968 /* StudentInfoTests.swift in Sources */,
			);
			runOnlyForDeploymentPostprocessing = 0;
		};
/* End PBXSourcesBuildPhase section */

/* Begin PBXTargetDependency section */
		3E37FA281BABA3440017F968 /* PBXTargetDependency */ = {
			isa = PBXTargetDependency;
			target = 3E37FA0E1BABA3440017F968 /* StudentInfo */;
			targetProxy = 3E37FA271BABA3440017F968 /* PBXContainerItemProxy */;
		};
/* End PBXTargetDependency section */

/* Begin PBXVariantGroup section */
		3E37FA1A1BABA3440017F968 /* Main.storyboard */ = {
			isa = PBXVariantGroup;
			children = (
				3E37FA1B1BABA3440017F968 /* Base */,
			);
			name = Main.storyboard;
			sourceTree = "<group>";
		};
		3E37FA1F1BABA3440017F968 /* LaunchScreen.xib */ = {
			isa = PBXVariantGroup;
			children = (
				3E37FA201BABA3440017F968 /* Base */,
			);
			name = LaunchScreen.xib;
			sourceTree = "<group>";
		};
/* End PBXVariantGroup section */

/* Begin XCBuildConfiguration section */
		3E37FA2E1BABA3440017F968 /* Debug */ = {
			isa = XCBuildConfiguration;
			buildSettings = {
				ALWAYS_SEARCH_USER_PATHS = NO;
				CLANG_CXX_LANGUAGE_STANDARD = "gnu++0x";
				CLANG_CXX_LIBRARY = "libc++";
				CLANG_ENABLE_MODULES = YES;
				CLANG_ENABLE_OBJC_ARC = YES;
				CLANG_WARN_BOOL_CONVERSION = YES;
				CLANG_WARN_CONSTANT_CONVERSION = YES;
				CLANG_WARN_DIRECT_OBJC_ISA_USAGE = YES_ERROR;
				CLANG_WARN_EMPTY_BODY = YES;
				CLANG_WARN_ENUM_CONVERSION = YES;
				CLANG_WARN_INT_CONVERSION = YES;
				CLANG_WARN_OBJC_ROOT_CLASS = YES_ERROR;
				CLANG_WARN_UNREACHABLE_CODE = YES;
				CLANG_WARN__DUPLICATE_METHOD_MATCH = YES;
				"CODE_SIGN_IDENTITY[sdk=iphoneos*]" = "iPhone Developer";
				COPY_PHASE_STRIP = NO;
				DEBUG_INFORMATION_FORMAT = "dwarf-with-dsym";
				ENABLE_STRICT_OBJC_MSGSEND = YES;
				GCC_C_LANGUAGE_STANDARD = gnu99;
				GCC_DYNAMIC_NO_PIC = NO;
				GCC_NO_COMMON_BLOCKS = YES;
				GCC_OPTIMIZATION_LEVEL = 0;
				GCC_PREPROCESSOR_DEFINITIONS = (
					"DEBUG=1",
					"$(inherited)",
				);
				GCC_SYMBOLS_PRIVATE_EXTERN = NO;
				GCC_WARN_64_TO_32_BIT_CONVERSION = YES;
				GCC_WARN_ABOUT_RETURN_TYPE = YES_ERROR;
				GCC_WARN_UNDECLARED_SELECTOR = YES;
				GCC_WARN_UNINITIALIZED_AUTOS = YES_AGGRESSIVE;
				GCC_WARN_UNUSED_FUNCTION = YES;
				GCC_WARN_UNUSED_VARIABLE = YES;
				IPHONEOS_DEPLOYMENT_TARGET = 8.4;
				MTL_ENABLE_DEBUG_INFO = YES;
				ONLY_ACTIVE_ARCH = YES;
				SDKROOT = iphoneos;
				SWIFT_OPTIMIZATION_LEVEL = "-Onone";
				TARGETED_DEVICE_FAMILY = "1,2";
			};
			name = Debug;
		};
		3E37FA2F1BABA3440017F968 /* Release */ = {
			isa = XCBuildConfiguration;
			buildSettings = {
				ALWAYS_SEARCH_USER_PATHS = NO;
				CLANG_CXX_LANGUAGE_STANDARD = "gnu++0x";
				CLANG_CXX_LIBRARY = "libc++";
				CLANG_ENABLE_MODULES = YES;
				CLANG_ENABLE_OBJC_ARC = YES;
				CLANG_WARN_BOOL_CONVERSION = YES;
				CLANG_WARN_CONSTANT_CONVERSION = YES;
				CLANG_WARN_DIRECT_OBJC_ISA_USAGE = YES_ERROR;
				CLANG_WARN_EMPTY_BODY = YES;
				CLANG_WARN_ENUM_CONVERSION = YES;
				CLANG_WARN_INT_CONVERSION = YES;
				CLANG_WARN_OBJC_ROOT_CLASS = YES_ERROR;
				CLANG_WARN_UNREACHABLE_CODE = YES;
				CLANG_WARN__DUPLICATE_METHOD_MATCH = YES;
				"CODE_SIGN_IDENTITY[sdk=iphoneos*]" = "iPhone Developer";
				COPY_PHASE_STRIP = NO;
				DEBUG_INFORMATION_FORMAT = "dwarf-with-dsym";
				ENABLE_NS_ASSERTIONS = NO;
				ENABLE_STRICT_OBJC_MSGSEND = YES;
				GCC_C_LANGUAGE_STANDARD = gnu99;
				GCC_NO_COMMON_BLOCKS = YES;
				GCC_WARN_64_TO_32_BIT_CONVERSION = YES;
				GCC_WARN_ABOUT_RETURN_TYPE = YES_ERROR;
				GCC_WARN_UNDECLARED_SELECTOR = YES;
				GCC_WARN_UNINITIALIZED_AUTOS = YES_AGGRESSIVE;
				GCC_WARN_UNUSED_FUNCTION = YES;
				GCC_WARN_UNUSED_VARIABLE = YES;
				IPHONEOS_DEPLOYMENT_TARGET = 8.4;
				MTL_ENABLE_DEBUG_INFO = NO;
				SDKROOT = iphoneos;
				TARGETED_DEVICE_FAMILY = "1,2";
				VALIDATE_PRODUCT = YES;
			};
			name = Release;
		};
		3E37FA311BABA3440017F968 /* Debug */ = {
			isa = XCBuildConfiguration;
			buildSettings = {
				ASSETCATALOG_COMPILER_APPICON_NAME = AppIcon;
				INFOPLIST_FILE = StudentInfo/Info.plist;
				LD_RUNPATH_SEARCH_PATHS = "$(inherited) @executable_path/Frameworks";
				PRODUCT_NAME = "$(TARGET_NAME)";
			};
			name = Debug;
		};
		3E37FA321BABA3440017F968 /* Release */ = {
			isa = XCBuildConfiguration;
			buildSettings = {
				ASSETCATALOG_COMPILER_APPICON_NAME = AppIcon;
				INFOPLIST_FILE = StudentInfo/Info.plist;
				LD_RUNPATH_SEARCH_PATHS = "$(inherited) @executable_path/Frameworks";
				PRODUCT_NAME = "$(TARGET_NAME)";
			};
			name = Release;
		};
		3E37FA341BABA3440017F968 /* Debug */ = {
			isa = XCBuildConfiguration;
			buildSettings = {
				BUNDLE_LOADER = "$(TEST_HOST)";
				FRAMEWORK_SEARCH_PATHS = (
					"$(SDKROOT)/Developer/Library/Frameworks",
					"$(inherited)",
				);
				GCC_PREPROCESSOR_DEFINITIONS = (
					"DEBUG=1",
					"$(inherited)",
				);
				INFOPLIST_FILE = StudentInfoTests/Info.plist;
				LD_RUNPATH_SEARCH_PATHS = "$(inherited) @executable_path/Frameworks @loader_path/Frameworks";
				PRODUCT_NAME = "$(TARGET_NAME)";
				TEST_HOST = "$(BUILT_PRODUCTS_DIR)/StudentInfo.app/StudentInfo";
			};
			name = Debug;
		};
		3E37FA351BABA3440017F968 /* Release */ = {
			isa = XCBuildConfiguration;
			buildSettings = {
				BUNDLE_LOADER = "$(TEST_HOST)";
				FRAMEWORK_SEARCH_PATHS = (
					"$(SDKROOT)/Developer/Library/Frameworks",
					"$(inherited)",
				);
				INFOPLIST_FILE = StudentInfoTests/Info.plist;
				LD_RUNPATH_SEARCH_PATHS = "$(inherited) @executable_path/Frameworks @loader_path/Frameworks";
				PRODUCT_NAME = "$(TARGET_NAME)";
				TEST_HOST = "$(BUILT_PRODUCTS_DIR)/StudentInfo.app/StudentInfo";
			};
			name = Release;
		};
/* End XCBuildConfiguration section */

/* Begin XCConfigurationList section */
		3E37FA0A1BABA3440017F968 /* Build configuration list for PBXProject "StudentInfo" */ = {
			isa = XCConfigurationList;
			buildConfigurations = (
				3E37FA2E1BABA3440017F968 /* Debug */,
				3E37FA2F1BABA3440017F968 /* Release */,
			);
			defaultConfigurationIsVisible = 0;
			defaultConfigurationName = Release;
		};
		3E37FA301BABA3440017F968 /* Build configuration list for PBXNativeTarget "StudentInfo" */ = {
			isa = XCConfigurationList;
			buildConfigurations = (
				3E37FA311BABA3440017F968 /* Debug */,
				3E37FA321BABA3440017F968 /* Release */,
			);
			defaultConfigurationIsVisible = 0;
			defaultConfigurationName = Release;
		};
		3E37FA331BABA3440017F968 /* Build configuration list for PBXNativeTarget "StudentInfoTests" */ = {
			isa = XCConfigurationList;
			buildConfigurations = (
				3E37FA341BABA3440017F968 /* Debug */,
				3E37FA351BABA3440017F968 /* Release */,
			);
			defaultConfigurationIsVisible = 0;
			defaultConfigurationName = Release;
		};
/* End XCConfigurationList section */
	};
	rootObject = 3E37FA071BABA3440017F968 /* Project object */;
}
